{
    "_readme": [
        "This file locks the dependencies of your project to a known state",
        "Read more about it at https://getcomposer.org/doc/01-basic-usage.md#installing-dependencies",
        "This file is @generated automatically"
    ],
    "content-hash": "b5cf498f7e8e3a8368d998038f3e4031",
    "packages": [
        {
            "name": "dassociates/html",
            "version": "dev-develop",
            "source": {
                "type": "git",
                "url": "https://github.com/DASSOCIATES/HTML.git",
                "reference": "e10030dc4c63e7a8d146ab5d3cb6658871ff11aa"
            },
            "dist": {
                "type": "zip",
                "url": "https://api.github.com/repos/DASSOCIATES/HTML/zipball/e10030dc4c63e7a8d146ab5d3cb6658871ff11aa",
                "reference": "e10030dc4c63e7a8d146ab5d3cb6658871ff11aa",
                "shasum": ""
            },
            "default-branch": true,
            "type": "library",
            "autoload": {
                "psr-4": {
                    "Dassociates\\Html\\": "src/"
                }
            },
            "notification-url": "https://packagist.org/downloads/",
            "license": [
                "BSD-3-Clause"
            ],
            "description": "Object-Oriented Implementation of HTML",
            "homepage": "https://www.dassociatesinc.com",
            "keywords": [
                "html",
                "laminas"
            ],
            "support": {
                "email": "cduarte@dassociatesinc.com",
                "issues": "https://github.com/dassociates/html/issues",
                "source": "https://github.com/DASSOCIATES/HTML/tree/develop"
            },
            "time": "2023-12-05T21:09:28+00:00"
        }
    ],
    "packages-dev": [],
    "aliases": [],
    "minimum-stability": "stable",
    "stability-flags": {
        "dassociates/html": 20
    },
    "prefer-stable": false,
    "prefer-lowest": false,
    "platform": [],
    "platform-dev": [],
    "plugin-api-version": "2.3.0"
}
